
Microsoft Visual Studio Solution File, Format Version 12.00
# Visual Studio Version 16
VisualStudioVersion = 16.0.32228.343
MinimumVisualStudioVersion = 10.0.40219.1
Project("{FAE04EC0-301F-11D3-BF4B-00C04F79EFBC}") = "Quiz_app", "Quiz_app.csproj", "{0418B15A-DE03-4A75-8AA8-C51E8FBA5D7C}"
EndProject
Global
	GlobalSection(SolutionConfigurationPlatforms) = preSolution
		Debug|Any CPU = Debug|Any CPU
		Release|Any CPU = Release|Any CPU
	EndGlobalSection
	GlobalSection(ProjectConfigurationPlatforms) = postSolution
		{0418B15A-DE03-4A75-8AA8-C51E8FBA5D7C}.Debug|Any CPU.ActiveCfg = Debug|Any CPU
		{0418B15A-DE03-4A75-8AA8-C51E8FBA5D7C}.Debug|Any CPU.Build.0 = Debug|Any CPU
		{0418B15A-DE03-4A75-8AA8-C51E8FBA5D7C}.Release|Any CPU.ActiveCfg = Release|Any CPU
		{0418B15A-DE03-4A75-8AA8-C51E8FBA5D7C}.Release|Any CPU.Build.0 = Release|Any CPU
	EndGlobalSection
	GlobalSection(SolutionProperties) = preSolution
		HideSolutionNode = FALSE
	EndGlobalSection
	GlobalSection(ExtensibilityGlobals) = postSolution
		SolutionGuid = {509E4D73-D74A-4875-B0C0-1B4BC4F8BD6D}
	EndGlobalSection
EndGlobal
